PODS:
  - 1PasswordExtension (1.8.4)
  - AFNetworking (4.0.1):
    - AFNetworking/NSURLSession (= 4.0.1)
    - AFNetworking/Reachability (= 4.0.1)
    - AFNetworking/Security (= 4.0.1)
    - AFNetworking/Serialization (= 4.0.1)
    - AFNetworking/UIKit (= 4.0.1)
  - AFNetworking/NSURLSession (4.0.1):
    - AFNetworking/Reachability
    - AFNetworking/Security
    - AFNetworking/Serialization
  - AFNetworking/Reachability (4.0.1)
  - AFNetworking/Security (4.0.1)
  - AFNetworking/Serialization (4.0.1)
  - AFNetworking/UIKit (4.0.1):
    - AFNetworking/NSURLSession
  - Particle-SDK (1.0.5):
    - Particle-SDK/Helpers (= 1.0.5)
    - Particle-SDK/SDK (= 1.0.5)
  - Particle-SDK/Helpers (1.0.5):
    - AFNetworking (~> 4.0)
  - Particle-SDK/SDK (1.0.5):
    - AFNetworking (~> 4.0)
    - Particle-SDK/Helpers

DEPENDENCIES:
  - 1PasswordExtension
  - Particle-SDK

SPEC REPOS:
  https://github.com/CocoaPods/Specs.git:
    - 1PasswordExtension
    - AFNetworking
    - Particle-SDK

SPEC CHECKSUMS:
  1PasswordExtension: e775a29310c65851e5a6cec1afc349ab4e334e47
  AFNetworking: 7864c38297c79aaca1500c33288e429c3451fdce
  Particle-SDK: cdda539eeb1e5464950657dff46e22ffc42c9525

PODFILE CHECKSUM: d292d6ee8d5648c1485dd7978064559a9a9de3ab

COCOAPODS: 1.9.1
